// !$*UTF8*$!
{
	archiveVersion = 1;
	classes = {
	};
	objectVersion = 50;
	objects = {

/* Begin PBXBuildFile section */
		11EE32FF208DBA60008ED241 /* AppDelegate.swift in Sources */ = {isa = PBXBuildFile; fileRef = 11EE32FE208DBA60008ED241 /* AppDelegate.swift */; };
		11EE3301208DBA60008ED241 /* WelcomeVC.swift in Sources */ = {isa = PBXBuildFile; fileRef = 11EE3300208DBA60008ED241 /* WelcomeVC.swift */; };
		11EE3304208DBA60008ED241 /* Main.storyboard in Resources */ = {isa = PBXBuildFile; fileRef = 11EE3302208DBA60008ED241 /* Main.storyboard */; };
		11EE3306208DBA62008ED241 /* Assets.xcassets in Resources */ = {isa = PBXBuildFile; fileRef = 11EE3305208DBA62008ED241 /* Assets.xcassets */; };
		11EE3309208DBA62008ED241 /* LaunchScreen.storyboard in Resources */ = {isa = PBXBuildFile; fileRef = 11EE3307208DBA62008ED241 /* LaunchScreen.storyboard */; };
		11EE3312208E13D4008ED241 /* BorderButton.swift in Sources */ = {isa = PBXBuildFile; fileRef = 11EE3311208E13D4008ED241 /* BorderButton.swift */; };
		11EE3318209063F2008ED241 /* LeagueVC.swift in Sources */ = {isa = PBXBuildFile; fileRef = 11EE3317209063F2008ED241 /* LeagueVC.swift */; };
		11EE331A20906400008ED241 /* SkillVC.swift in Sources */ = {isa = PBXBuildFile; fileRef = 11EE331920906400008ED241 /* SkillVC.swift */; };
		11EE331C2093411D008ED241 /* Player.swift in Sources */ = {isa = PBXBuildFile; fileRef = 11EE331B2093411D008ED241 /* Player.swift */; };
		11EE331E209362C0008ED241 /* README.md in Resources */ = {isa = PBXBuildFile; fileRef = 11EE331D209362C0008ED241 /* README.md */; };
		11EE33292093639F008ED241 /* league.png in Resources */ = {isa = PBXBuildFile; fileRef = 11EE33262093639F008ED241 /* league.png */; };
		11EE332A2093639F008ED241 /* skill.png in Resources */ = {isa = PBXBuildFile; fileRef = 11EE33272093639F008ED241 /* skill.png */; };
		11EE332B2093639F008ED241 /* main.png in Resources */ = {isa = PBXBuildFile; fileRef = 11EE33282093639F008ED241 /* main.png */; };
/* End PBXBuildFile section */

/* Begin PBXFileReference section */
		11EE32FB208DBA60008ED241 /* Swoosh.app */ = {isa = PBXFileReference; explicitFileType = wrapper.application; includeInIndex = 0; path = Swoosh.app; sourceTree = BUILT_PRODUCTS_DIR; };
		11EE32FE208DBA60008ED241 /* AppDelegate.swift */ = {isa = PBXFileReference; lastKnownFileType = sourcecode.swift; path = AppDelegate.swift; sourceTree = "<group>"; };
		11EE3300208DBA60008ED241 /* WelcomeVC.swift */ = {isa = PBXFileReference; lastKnownFileType = sourcecode.swift; name = WelcomeVC.swift; path = ../Controller/WelcomeVC.swift; sourceTree = "<group>"; };
		11EE3303208DBA60008ED241 /* Base */ = {isa = PBXFileReference; lastKnownFileType = file.storyboard; name = Base; path = Base.lproj/Main.storyboard; sourceTree = "<group>"; };
		11EE3305208DBA62008ED241 /* Assets.xcassets */ = {isa = PBXFileReference; lastKnownFileType = folder.assetcatalog; path = Assets.xcassets; sourceTree = "<group>"; };
		11EE3308208DBA62008ED241 /* Base */ = {isa = PBXFileReference; lastKnownFileType = file.storyboard; name = Base; path = Base.lproj/LaunchScreen.storyboard; sourceTree = "<group>"; };
		11EE330A208DBA62008ED241 /* Info.plist */ = {isa = PBXFileReference; lastKnownFileType = text.plist.xml; path = Info.plist; sourceTree = "<group>"; };
		11EE3311208E13D4008ED241 /* BorderButton.swift */ = {isa = PBXFileReference; lastKnownFileType = sourcecode.swift; path = BorderButton.swift; sourceTree = "<group>"; };
		11EE3317209063F2008ED241 /* LeagueVC.swift */ = {isa = PBXFileReference; lastKnownFileType = sourcecode.swift; name = LeagueVC.swift; path = ../Controller/LeagueVC.swift; sourceTree = "<group>"; };
		11EE331920906400008ED241 /* SkillVC.swift */ = {isa = PBXFileReference; lastKnownFileType = sourcecode.swift; name = SkillVC.swift; path = ../Controller/SkillVC.swift; sourceTree = "<group>"; };
		11EE331B2093411D008ED241 /* Player.swift */ = {isa = PBXFileReference; lastKnownFileType = sourcecode.swift; name = Player.swift; path = Swoosh/Model/Player.swift; sourceTree = SOURCE_ROOT; };
		11EE331D209362C0008ED241 /* README.md */ = {isa = PBXFileReference; fileEncoding = 4; lastKnownFileType = net.daringfireball.markdown; path = README.md; sourceTree = "<group>"; };
		11EE33262093639F008ED241 /* league.png */ = {isa = PBXFileReference; lastKnownFileType = image.png; path = league.png; sourceTree = "<group>"; };
		11EE33272093639F008ED241 /* skill.png */ = {isa = PBXFileReference; lastKnownFileType = image.png; path = skill.png; sourceTree = "<group>"; };
		11EE33282093639F008ED241 /* main.png */ = {isa = PBXFileReference; lastKnownFileType = image.png; path = main.png; sourceTree = "<group>"; };
/* End PBXFileReference section */

/* Begin PBXFrameworksBuildPhase section */
		11EE32F8208DBA60008ED241 /* Frameworks */ = {
			isa = PBXFrameworksBuildPhase;
			buildActionMask = 2147483647;
			files = (
			);
			runOnlyForDeploymentPostprocessing = 0;
		};
/* End PBXFrameworksBuildPhase section */

/* Begin PBXGroup section */
		11EE32F2208DBA60008ED241 = {
			isa = PBXGroup;
			children = (
				11EE331D209362C0008ED241 /* README.md */,
				11EE32FD208DBA60008ED241 /* Swoosh */,
				11EE32FC208DBA60008ED241 /* Products */,
			);
			sourceTree = "<group>";
		};
		11EE32FC208DBA60008ED241 /* Products */ = {
			isa = PBXGroup;
			children = (
				11EE32FB208DBA60008ED241 /* Swoosh.app */,
			);
			name = Products;
			sourceTree = "<group>";
		};
		11EE32FD208DBA60008ED241 /* Swoosh */ = {
			isa = PBXGroup;
			children = (
				11EE331F2093633B008ED241 /* screenshots */,
				11EE331620906335008ED241 /* Model */,
				11EE33152090631F008ED241 /* Controller */,
				11EE3310208E1394008ED241 /* View */,
				11EE32FE208DBA60008ED241 /* AppDelegate.swift */,
				11EE3302208DBA60008ED241 /* Main.storyboard */,
				11EE3305208DBA62008ED241 /* Assets.xcassets */,
				11EE3307208DBA62008ED241 /* LaunchScreen.storyboard */,
				11EE330A208DBA62008ED241 /* Info.plist */,
			);
			path = Swoosh;
			sourceTree = "<group>";
		};
		11EE3310208E1394008ED241 /* View */ = {
			isa = PBXGroup;
			children = (
				11EE3311208E13D4008ED241 /* BorderButton.swift */,
			);
			path = View;
			sourceTree = "<group>";
		};
		11EE33152090631F008ED241 /* Controller */ = {
			isa = PBXGroup;
			children = (
				11EE3300208DBA60008ED241 /* WelcomeVC.swift */,
				11EE3317209063F2008ED241 /* LeagueVC.swift */,
				11EE331920906400008ED241 /* SkillVC.swift */,
			);
			name = Controller;
			path = "New Group";
			sourceTree = "<group>";
		};
		11EE331620906335008ED241 /* Model */ = {
			isa = PBXGroup;
			children = (
				11EE331B2093411D008ED241 /* Player.swift */,
			);
			path = Model;
			sourceTree = "<group>";
		};
		11EE331F2093633B008ED241 /* screenshots */ = {
			isa = PBXGroup;
			children = (
				11EE33282093639F008ED241 /* main.png */,
				11EE33262093639F008ED241 /* league.png */,
				11EE33272093639F008ED241 /* skill.png */,
			);
			path = screenshots;
			sourceTree = "<group>";
		};
/* End PBXGroup section */

/* Begin PBXNativeTarget section */
		11EE32FA208DBA60008ED241 /* Swoosh */ = {
			isa = PBXNativeTarget;
			buildConfigurationList = 11EE330D208DBA62008ED241 /* Build configuration list for PBXNativeTarget "Swoosh" */;
			buildPhases = (
				11EE32F7208DBA60008ED241 /* Sources */,
				11EE32F8208DBA60008ED241 /* Frameworks */,
				11EE32F9208DBA60008ED241 /* Resources */,
			);
			buildRules = (
			);
			dependencies = (
			);
			name = Swoosh;
			productName = Swoosh;
			productReference = 11EE32FB208DBA60008ED241 /* Swoosh.app */;
			productType = "com.apple.product-type.application";
		};
/* End PBXNativeTarget section */

/* Begin PBXProject section */
		11EE32F3208DBA60008ED241 /* Project object */ = {
			isa = PBXProject;
			attributes = {
				LastSwiftUpdateCheck = 0930;
				LastUpgradeCheck = 0930;
				ORGANIZATIONNAME = Muhriddin;
				TargetAttributes = {
					11EE32FA208DBA60008ED241 = {
						CreatedOnToolsVersion = 9.3;
					};
				};
			};
			buildConfigurationList = 11EE32F6208DBA60008ED241 /* Build configuration list for PBXProject "Swoosh" */;
			compatibilityVersion = "Xcode 9.3";
			developmentRegion = en;
			hasScannedForEncodings = 0;
			knownRegions = (
				en,
				Base,
			);
			mainGroup = 11EE32F2208DBA60008ED241;
			productRefGroup = 11EE32FC208DBA60008ED241 /* Products */;
			projectDirPath = "";
			projectRoot = "";
			targets = (
				11EE32FA208DBA60008ED241 /* Swoosh */,
			);
		};
/* End PBXProject section */

/* Begin PBXResourcesBuildPhase section */
		11EE32F9208DBA60008ED241 /* Resources */ = {
			isa = PBXResourcesBuildPhase;
			buildActionMask = 2147483647;
			files = (
				11EE332B2093639F008ED241 /* main.png in Resources */,
				11EE332A2093639F008ED241 /* skill.png in Resources */,
				11EE3309208DBA62008ED241 /* LaunchScreen.storyboard in Resources */,
				11EE3306208DBA62008ED241 /* Assets.xcassets in Resources */,
				11EE33292093639F008ED241 /* league.png in Resources */,
				11EE331E209362C0008ED241 /* README.md in Resources */,
				11EE3304208DBA60008ED241 /* Main.storyboard in Resources */,
			);
			runOnlyForDeploymentPostprocessing = 0;
		};
/* End PBXResourcesBuildPhase section */

/* Begin PBXSourcesBuildPhase section */
		11EE32F7208DBA60008ED241 /* Sources */ = {
			isa = PBXSourcesBuildPhase;
			buildActionMask = 2147483647;
			files = (
				11EE3301208DBA60008ED241 /* WelcomeVC.swift in Sources */,
				11EE3318209063F2008ED241 /* LeagueVC.swift in Sources */,
				11EE32FF208DBA60008ED241 /* AppDelegate.swift in Sources */,
				11EE331A20906400008ED241 /* SkillVC.swift in Sources */,
				11EE331C2093411D008ED241 /* Player.swift in Sources */,
				11EE3312208E13D4008ED241 /* BorderButton.swift in Sources */,
			);
			runOnlyForDeploymentPostprocessing = 0;
		};
/* End PBXSourcesBuildPhase section */

/* Begin PBXVariantGroup section */
		11EE3302208DBA60008ED241 /* Main.storyboard */ = {
			isa = PBXVariantGroup;
			children = (
				11EE3303208DBA60008ED241 /* Base */,
			);
			name = Main.storyboard;
			sourceTree = "<group>";
		};
		11EE3307208DBA62008ED241 /* LaunchScreen.storyboard */ = {
			isa = PBXVariantGroup;
			children = (
				11EE3308208DBA62008ED241 /* Base */,
			);
			name = LaunchScreen.storyboard;
			sourceTree = "<group>";
		};
/* End PBXVariantGroup section */

/* Begin XCBuildConfiguration section */
		11EE330B208DBA62008ED241 /* Debug */ = {
			isa = XCBuildConfiguration;
			buildSettings = {
				ALWAYS_SEARCH_USER_PATHS = NO;
				CLANG_ANALYZER_NONNULL = YES;
				CLANG_ANALYZER_NUMBER_OBJECT_CONVERSION = YES_AGGRESSIVE;
				CLANG_CXX_LANGUAGE_STANDARD = "gnu++14";
				CLANG_CXX_LIBRARY = "libc++";
				CLANG_ENABLE_MODULES = YES;
				CLANG_ENABLE_OBJC_ARC = YES;
				CLANG_ENABLE_OBJC_WEAK = YES;
				CLANG_WARN_BLOCK_CAPTURE_AUTORELEASING = YES;
				CLANG_WARN_BOOL_CONVERSION = YES;
				CLANG_WARN_COMMA = YES;
				CLANG_WARN_CONSTANT_CONVERSION = YES;
				CLANG_WARN_DEPRECATED_OBJC_IMPLEMENTATIONS = YES;
				CLANG_WARN_DIRECT_OBJC_ISA_USAGE = YES_ERROR;
				CLANG_WARN_DOCUMENTATION_COMMENTS = YES;
				CLANG_WARN_EMPTY_BODY = YES;
				CLANG_WARN_ENUM_CONVERSION = YES;
				CLANG_WARN_INFINITE_RECURSION = YES;
				CLANG_WARN_INT_CONVERSION = YES;
				CLANG_WARN_NON_LITERAL_NULL_CONVERSION = YES;
				CLANG_WARN_OBJC_IMPLICIT_RETAIN_SELF = YES;
				CLANG_WARN_OBJC_LITERAL_CONVERSION = YES;
				CLANG_WARN_OBJC_ROOT_CLASS = YES_ERROR;
				CLANG_WARN_RANGE_LOOP_ANALYSIS = YES;
				CLANG_WARN_STRICT_PROTOTYPES = YES;
				CLANG_WARN_SUSPICIOUS_MOVE = YES;
				CLANG_WARN_UNGUARDED_AVAILABILITY = YES_AGGRESSIVE;
				CLANG_WARN_UNREACHABLE_CODE = YES;
				CLANG_WARN__DUPLICATE_METHOD_MATCH = YES;
				CODE_SIGN_IDENTITY = "iPhone Developer";
				COPY_PHASE_STRIP = NO;
				DEBUG_INFORMATION_FORMAT = dwarf;
				ENABLE_STRICT_OBJC_MSGSEND = YES;
				ENABLE_TESTABILITY = YES;
				GCC_C_LANGUAGE_STANDARD = gnu11;
				GCC_DYNAMIC_NO_PIC = NO;
				GCC_NO_COMMON_BLOCKS = YES;
				GCC_OPTIMIZATION_LEVEL = 0;
				GCC_PREPROCESSOR_DEFINITIONS = (
					"DEBUG=1",
					"$(inherited)",
				);
				GCC_WARN_64_TO_32_BIT_CONVERSION = YES;
				GCC_WARN_ABOUT_RETURN_TYPE = YES_ERROR;
				GCC_WARN_UNDECLARED_SELECTOR = YES;
				GCC_WARN_UNINITIALIZED_AUTOS = YES_AGGRESSIVE;
				GCC_WARN_UNUSED_FUNCTION = YES;
				GCC_WARN_UNUSED_VARIABLE = YES;
				IPHONEOS_DEPLOYMENT_TARGET = 11.3;
				MTL_ENABLE_DEBUG_INFO = YES;
				ONLY_ACTIVE_ARCH = YES;
				SDKROOT = iphoneos;
				SWIFT_ACTIVE_COMPILATION_CONDITIONS = DEBUG;
				SWIFT_OPTIMIZATION_LEVEL = "-Onone";
			};
			name = Debug;
		};
		11EE330C208DBA62008ED241 /* Release */ = {
			isa = XCBuildConfiguration;
			buildSettings = {
				ALWAYS_SEARCH_USER_PATHS = NO;
				CLANG_ANALYZER_NONNULL = YES;
				CLANG_ANALYZER_NUMBER_OBJECT_CONVERSION = YES_AGGRESSIVE;
				CLANG_CXX_LANGUAGE_STANDARD = "gnu++14";
				CLANG_CXX_LIBRARY = "libc++";
				CLANG_ENABLE_MODULES = YES;
				CLANG_ENABLE_OBJC_ARC = YES;
				CLANG_ENABLE_OBJC_WEAK = YES;
				CLANG_WARN_BLOCK_CAPTURE_AUTORELEASING = YES;
				CLANG_WARN_BOOL_CONVERSION = YES;
				CLANG_WARN_COMMA = YES;
				CLANG_WARN_CONSTANT_CONVERSION = YES;
				CLANG_WARN_DEPRECATED_OBJC_IMPLEMENTATIONS = YES;
				CLANG_WARN_DIRECT_OBJC_ISA_USAGE = YES_ERROR;
				CLANG_WARN_DOCUMENTATION_COMMENTS = YES;
				CLANG_WARN_EMPTY_BODY = YES;
				CLANG_WARN_ENUM_CONVERSION = YES;
				CLANG_WARN_INFINITE_RECURSION = YES;
				CLANG_WARN_INT_CONVERSION = YES;
				CLANG_WARN_NON_LITERAL_NULL_CONVERSION = YES;
				CLANG_WARN_OBJC_IMPLICIT_RETAIN_SELF = YES;
				CLANG_WARN_OBJC_LITERAL_CONVERSION = YES;
				CLANG_WARN_OBJC_ROOT_CLASS = YES_ERROR;
				CLANG_WARN_RANGE_LOOP_ANALYSIS = YES;
				CLANG_WARN_STRICT_PROTOTYPES = YES;
				CLANG_WARN_SUSPICIOUS_MOVE = YES;
				CLANG_WARN_UNGUARDED_AVAILABILITY = YES_AGGRESSIVE;
				CLANG_WARN_UNREACHABLE_CODE = YES;
				CLANG_WARN__DUPLICATE_METHOD_MATCH = YES;
				CODE_SIGN_IDENTITY = "iPhone Developer";
				COPY_PHASE_STRIP = NO;
				DEBUG_INFORMATION_FORMAT = "dwarf-with-dsym";
				ENABLE_NS_ASSERTIONS = NO;
				ENABLE_STRICT_OBJC_MSGSEND = YES;
				GCC_C_LANGUAGE_STANDARD = gnu11;
				GCC_NO_COMMON_BLOCKS = YES;
				GCC_WARN_64_TO_32_BIT_CONVERSION = YES;
				GCC_WARN_ABOUT_RETURN_TYPE = YES_ERROR;
				GCC_WARN_UNDECLARED_SELECTOR = YES;
				GCC_WARN_UNINITIALIZED_AUTOS = YES_AGGRESSIVE;
				GCC_WARN_UNUSED_FUNCTION = YES;
				GCC_WARN_UNUSED_VARIABLE = YES;
				IPHONEOS_DEPLOYMENT_TARGET = 11.3;
				MTL_ENABLE_DEBUG_INFO = NO;
				SDKROOT = iphoneos;
				SWIFT_COMPILATION_MODE = wholemodule;
				SWIFT_OPTIMIZATION_LEVEL = "-O";
				VALIDATE_PRODUCT = YES;
			};
			name = Release;
		};
		11EE330E208DBA62008ED241 /* Debug */ = {
			isa = XCBuildConfiguration;
			buildSettings = {
				ASSETCATALOG_COMPILER_APPICON_NAME = AppIcon;
				CODE_SIGN_STYLE = Automatic;
				DEVELOPMENT_TEAM = AY2LM9NE25;
				INFOPLIST_FILE = Swoosh/Info.plist;
				LD_RUNPATH_SEARCH_PATHS = (
					"$(inherited)",
					"@executable_path/Frameworks",
				);
				PRODUCT_BUNDLE_IDENTIFIER = com.muhriddin.Swoosh;
				PRODUCT_NAME = "$(TARGET_NAME)";
				SWIFT_VERSION = 4.0;
				TARGETED_DEVICE_FAMILY = "1,2";
			};
			name = Debug;
		};
		11EE330F208DBA62008ED241 /* Release */ = {
			isa = XCBuildConfiguration;
			buildSettings = {
				ASSETCATALOG_COMPILER_APPICON_NAME = AppIcon;
				CODE_SIGN_STYLE = Automatic;
				DEVELOPMENT_TEAM = AY2LM9NE25;
				INFOPLIST_FILE = Swoosh/Info.plist;
				LD_RUNPATH_SEARCH_PATHS = (
					"$(inherited)",
					"@executable_path/Frameworks",
				);
				PRODUCT_BUNDLE_IDENTIFIER = com.muhriddin.Swoosh;
				PRODUCT_NAME = "$(TARGET_NAME)";
				SWIFT_VERSION = 4.0;
				TARGETED_DEVICE_FAMILY = "1,2";
			};
			name = Release;
		};
/* End XCBuildConfiguration section */

/* Begin XCConfigurationList section */
		11EE32F6208DBA60008ED241 /* Build configuration list for PBXProject "Swoosh" */ = {
			isa = XCConfigurationList;
			buildConfigurations = (
				11EE330B208DBA62008ED241 /* Debug */,
				11EE330C208DBA62008ED241 /* Release */,
			);
			defaultConfigurationIsVisible = 0;
			defaultConfigurationName = Release;
		};
		11EE330D208DBA62008ED241 /* Build configuration list for PBXNativeTarget "Swoosh" */ = {
			isa = XCConfigurationList;
			buildConfigurations = (
				11EE330E208DBA62008ED241 /* Debug */,
				11EE330F208DBA62008ED241 /* Release */,
			);
			defaultConfigurationIsVisible = 0;
			defaultConfigurationName = Release;
		};
/* End XCConfigurationList section */
	};
	rootObject = 11EE32F3208DBA60008ED241 /* Project object */;
}
